
Microsoft Visual Studio Solution File, Format Version 12.00
# Visual Studio Version 16
VisualStudioVersion = 16.0.32002.261
MinimumVisualStudioVersion = 10.0.40219.1
Project("{FAE04EC0-301F-11D3-BF4B-00C04F79EFBC}") = "WCFService_2Way_135", "WCFService_2Way_135\WCFService_2Way_135.csproj", "{EDD1279F-885D-499D-9C41-EC2AD74BEADC}"
EndProject
Global
	GlobalSection(SolutionConfigurationPlatforms) = preSolution
		Debug|Any CPU = Debug|Any CPU
		Release|Any CPU = Release|Any CPU
	EndGlobalSection
	GlobalSection(ProjectConfigurationPlatforms) = postSolution
		{EDD1279F-885D-499D-9C41-EC2AD74BEADC}.Debug|Any CPU.ActiveCfg = Debug|Any CPU
		{EDD1279F-885D-499D-9C41-EC2AD74BEADC}.Debug|Any CPU.Build.0 = Debug|Any CPU
		{EDD1279F-885D-499D-9C41-EC2AD74BEADC}.Release|Any CPU.ActiveCfg = Release|Any CPU
		{EDD1279F-885D-499D-9C41-EC2AD74BEADC}.Release|Any CPU.Build.0 = Release|Any CPU
	EndGlobalSection
	GlobalSection(SolutionProperties) = preSolution
		HideSolutionNode = FALSE
	EndGlobalSection
	GlobalSection(ExtensibilityGlobals) = postSolution
		SolutionGuid = {761443C0-C60C-45AC-81CC-23BFD7EEEEB8}
	EndGlobalSection
EndGlobal
